
Microsoft Visual Studio Solution File, Format Version 12.00
# Visual Studio Version 16
VisualStudioVersion = 16.0.810.17
MinimumVisualStudioVersion = 10.0.40219.1
Project("{FAE04EC0-301F-11D3-BF4B-00C04F79EFBC}") = "Lesson_6.1", "Lesson_6.1\Lesson_6.1.csproj", "{0F522793-79BD-4179-AF89-6C9333D360EE}"
EndProject
Global
	GlobalSection(SolutionConfigurationPlatforms) = preSolution
		Debug|anycpu = Debug|anycpu
		Release|anycpu = Release|anycpu
	EndGlobalSection
	GlobalSection(ProjectConfigurationPlatforms) = postSolution
		{0F522793-79BD-4179-AF89-6C9333D360EE}.Debug|anycpu.ActiveCfg = Debug|anycpu
		{0F522793-79BD-4179-AF89-6C9333D360EE}.Debug|anycpu.Build.0 = Debug|anycpu
		{0F522793-79BD-4179-AF89-6C9333D360EE}.Release|anycpu.ActiveCfg = Release|anycpu
		{0F522793-79BD-4179-AF89-6C9333D360EE}.Release|anycpu.Build.0 = Release|anycpu
	EndGlobalSection
	GlobalSection(SolutionProperties) = preSolution
		HideSolutionNode = FALSE
	EndGlobalSection
	GlobalSection(ExtensibilityGlobals) = postSolution
		SolutionGuid = {4C8932E8-063C-41BB-ADF8-CCD2C8B23A36}
	EndGlobalSection
EndGlobal
